
Microsoft Visual Studio Solution File, Format Version 12.00
# Visual Studio Version 17
VisualStudioVersion = 17.5.002.0
MinimumVisualStudioVersion = 10.0.40219.1
Project("{9A19103F-16F7-4668-BE54-9A1E7A4F7556}") = "CloudLiquid", "CloudLiquid.csproj", "{DF15B3AC-865D-4C2F-89D5-67480E387CC6}"
EndProject
Project("{9A19103F-16F7-4668-BE54-9A1E7A4F7556}") = "AzureCloudLiquid", "..\cloud-liquid-azure\AzureCloudLiquid.csproj", "{31FB5579-512E-45F8-B678-2F4D34033AC7}"
EndProject
Project("{9A19103F-16F7-4668-BE54-9A1E7A4F7556}") = "CloudLiquid.Tests", "..\CloudLiquid.Tests\CloudLiquid.Tests.csproj", "{65BEBF88-9BF5-42E2-B09D-482A8803F3E8}"
EndProject
Global
	GlobalSection(SolutionConfigurationPlatforms) = preSolution
		Debug|Any CPU = Debug|Any CPU
		Release|Any CPU = Release|Any CPU
	EndGlobalSection
	GlobalSection(ProjectConfigurationPlatforms) = postSolution
		{DF15B3AC-865D-4C2F-89D5-67480E387CC6}.Debug|Any CPU.ActiveCfg = Debug|Any CPU
		{DF15B3AC-865D-4C2F-89D5-67480E387CC6}.Debug|Any CPU.Build.0 = Debug|Any CPU
		{DF15B3AC-865D-4C2F-89D5-67480E387CC6}.Release|Any CPU.ActiveCfg = Release|Any CPU
		{DF15B3AC-865D-4C2F-89D5-67480E387CC6}.Release|Any CPU.Build.0 = Release|Any CPU
		{31FB5579-512E-45F8-B678-2F4D34033AC7}.Debug|Any CPU.ActiveCfg = Debug|Any CPU
		{31FB5579-512E-45F8-B678-2F4D34033AC7}.Debug|Any CPU.Build.0 = Debug|Any CPU
		{31FB5579-512E-45F8-B678-2F4D34033AC7}.Release|Any CPU.ActiveCfg = Release|Any CPU
		{31FB5579-512E-45F8-B678-2F4D34033AC7}.Release|Any CPU.Build.0 = Release|Any CPU
		{65BEBF88-9BF5-42E2-B09D-482A8803F3E8}.Debug|Any CPU.ActiveCfg = Debug|Any CPU
		{65BEBF88-9BF5-42E2-B09D-482A8803F3E8}.Debug|Any CPU.Build.0 = Debug|Any CPU
		{65BEBF88-9BF5-42E2-B09D-482A8803F3E8}.Release|Any CPU.ActiveCfg = Release|Any CPU
		{65BEBF88-9BF5-42E2-B09D-482A8803F3E8}.Release|Any CPU.Build.0 = Release|Any CPU
	EndGlobalSection
	GlobalSection(SolutionProperties) = preSolution
		HideSolutionNode = FALSE
	EndGlobalSection
	GlobalSection(ExtensibilityGlobals) = postSolution
		SolutionGuid = {4ECD4219-E611-45B3-8890-518C4676576A}
	EndGlobalSection
EndGlobal
